// !$*UTF8*$!
{
	archiveVersion = 1;
	classes = {
	};
	objectVersion = 77;
	objects = {

/* Begin PBXContainerItemProxy section */
		039DFC2D2E21EFA7002EAE48 /* PBXContainerItemProxy */ = {
			isa = PBXContainerItemProxy;
			containerPortal = 039DFC0B2E21EFA5002EAE48 /* Project object */;
			proxyType = 1;
			remoteGlobalIDString = 039DFC122E21EFA5002EAE48;
			remoteInfo = BayarLuu;
		};
		039DFC372E21EFA7002EAE48 /* PBXContainerItemProxy */ = {
			isa = PBXContainerItemProxy;
			containerPortal = 039DFC0B2E21EFA5002EAE48 /* Project object */;
			proxyType = 1;
			remoteGlobalIDString = 039DFC122E21EFA5002EAE48;
			remoteInfo = BayarLuu;
		};
/* End PBXContainerItemProxy section */

/* Begin PBXFileReference section */
		039DFC132E21EFA5002EAE48 /* BayarLuu.app */ = {isa = PBXFileReference; explicitFileType = wrapper.application; includeInIndex = 0; path = BayarLuu.app; sourceTree = BUILT_PRODUCTS_DIR; };
		039DFC2C2E21EFA7002EAE48 /* BayarLuuTests.xctest */ = {isa = PBXFileReference; explicitFileType = wrapper.cfbundle; includeInIndex = 0; path = BayarLuuTests.xctest; sourceTree = BUILT_PRODUCTS_DIR; };
		039DFC362E21EFA7002EAE48 /* BayarLuuUITests.xctest */ = {isa = PBXFileReference; explicitFileType = wrapper.cfbundle; includeInIndex = 0; path = BayarLuuUITests.xctest; sourceTree = BUILT_PRODUCTS_DIR; };
/* End PBXFileReference section */

/* Begin PBXFileSystemSynchronizedBuildFileExceptionSet section */
		039DFC3E2E21EFA7002EAE48 /* Exceptions for "BayarLuu" folder in "BayarLuu" target */ = {
			isa = PBXFileSystemSynchronizedBuildFileExceptionSet;
			membershipExceptions = (
				Info.plist,
			);
			target = 039DFC122E21EFA5002EAE48 /* BayarLuu */;
		};
/* End PBXFileSystemSynchronizedBuildFileExceptionSet section */

/* Begin PBXFileSystemSynchronizedRootGroup section */
		039DFC152E21EFA5002EAE48 /* BayarLuu */ = {
			isa = PBXFileSystemSynchronizedRootGroup;
			exceptions = (
				039DFC3E2E21EFA7002EAE48 /* Exceptions for "BayarLuu" folder in "BayarLuu" target */,
			);
			path = BayarLuu;
			sourceTree = "<group>";
		};
		039DFC2F2E21EFA7002EAE48 /* BayarLuuTests */ = {
			isa = PBXFileSystemSynchronizedRootGroup;
			path = BayarLuuTests;
			sourceTree = "<group>";
		};
		039DFC392E21EFA7002EAE48 /* BayarLuuUITests */ = {
			isa = PBXFileSystemSynchronizedRootGroup;
			path = BayarLuuUITests;
			sourceTree = "<group>";
		};
/* End PBXFileSystemSynchronizedRootGroup section */

/* Begin PBXFrameworksBuildPhase section */
		039DFC102E21EFA5002EAE48 /* Frameworks */ = {
			isa = PBXFrameworksBuildPhase;
			buildActionMask = 2147483647;
			files = (
			);
			runOnlyForDeploymentPostprocessing = 0;
		};
		039DFC292E21EFA7002EAE48 /* Frameworks */ = {
			isa = PBXFrameworksBuildPhase;
			buildActionMask = 2147483647;
			files = (
			);
			runOnlyForDeploymentPostprocessing = 0;
		};
		039DFC332E21EFA7002EAE48 /* Frameworks */ = {
			isa = PBXFrameworksBuildPhase;
			buildActionMask = 2147483647;
			files = (
			);
			runOnlyForDeploymentPostprocessing = 0;
		};
/* End PBXFrameworksBuildPhase section */

/* Begin PBXGroup section */
		039DFC0A2E21EFA5002EAE48 = {
			isa = PBXGroup;
			children = (
				039DFC152E21EFA5002EAE48 /* BayarLuu */,
				039DFC2F2E21EFA7002EAE48 /* BayarLuuTests */,
				039DFC392E21EFA7002EAE48 /* BayarLuuUITests */,
				039DFC142E21EFA5002EAE48 /* Products */,
			);
			sourceTree = "<group>";
		};
		039DFC142E21EFA5002EAE48 /* Products */ = {
			isa = PBXGroup;
			children = (
				039DFC132E21EFA5002EAE48 /* BayarLuu.app */,
				039DFC2C2E21EFA7002EAE48 /* BayarLuuTests.xctest */,
				039DFC362E21EFA7002EAE48 /* BayarLuuUITests.xctest */,
			);
			name = Products;
			sourceTree = "<group>";
		};
/* End PBXGroup section */

/* Begin PBXNativeTarget section */
		039DFC122E21EFA5002EAE48 /* BayarLuu */ = {
			isa = PBXNativeTarget;
			buildConfigurationList = 039DFC3F2E21EFA7002EAE48 /* Build configuration list for PBXNativeTarget "BayarLuu" */;
			buildPhases = (
				039DFC0F2E21EFA5002EAE48 /* Sources */,
				039DFC102E21EFA5002EAE48 /* Frameworks */,
				039DFC112E21EFA5002EAE48 /* Resources */,
			);
			buildRules = (
			);
			dependencies = (
			);
			fileSystemSynchronizedGroups = (
				039DFC152E21EFA5002EAE48 /* BayarLuu */,
			);
			name = BayarLuu;
			packageProductDependencies = (
			);
			productName = BayarLuu;
			productReference = 039DFC132E21EFA5002EAE48 /* BayarLuu.app */;
			productType = "com.apple.product-type.application";
		};
		039DFC2B2E21EFA7002EAE48 /* BayarLuuTests */ = {
			isa = PBXNativeTarget;
			buildConfigurationList = 039DFC442E21EFA7002EAE48 /* Build configuration list for PBXNativeTarget "BayarLuuTests" */;
			buildPhases = (
				039DFC282E21EFA7002EAE48 /* Sources */,
				039DFC292E21EFA7002EAE48 /* Frameworks */,
				039DFC2A2E21EFA7002EAE48 /* Resources */,
			);
			buildRules = (
			);
			dependencies = (
				039DFC2E2E21EFA7002EAE48 /* PBXTargetDependency */,
			);
			fileSystemSynchronizedGroups = (
				039DFC2F2E21EFA7002EAE48 /* BayarLuuTests */,
			);
			name = BayarLuuTests;
			packageProductDependencies = (
			);
			productName = BayarLuuTests;
			productReference = 039DFC2C2E21EFA7002EAE48 /* BayarLuuTests.xctest */;
			productType = "com.apple.product-type.bundle.unit-test";
		};
		039DFC352E21EFA7002EAE48 /* BayarLuuUITests */ = {
			isa = PBXNativeTarget;
			buildConfigurationList = 039DFC472E21EFA7002EAE48 /* Build configuration list for PBXNativeTarget "BayarLuuUITests" */;
			buildPhases = (
				039DFC322E21EFA7002EAE48 /* Sources */,
				039DFC332E21EFA7002EAE48 /* Frameworks */,
				039DFC342E21EFA7002EAE48 /* Resources */,
			);
			buildRules = (
			);
			dependencies = (
				039DFC382E21EFA7002EAE48 /* PBXTargetDependency */,
			);
			fileSystemSynchronizedGroups = (
				039DFC392E21EFA7002EAE48 /* BayarLuuUITests */,
			);
			name = BayarLuuUITests;
			packageProductDependencies = (
			);
			productName = BayarLuuUITests;
			productReference = 039DFC362E21EFA7002EAE48 /* BayarLuuUITests.xctest */;
			productType = "com.apple.product-type.bundle.ui-testing";
		};
/* End PBXNativeTarget section */

/* Begin PBXProject section */
		039DFC0B2E21EFA5002EAE48 /* Project object */ = {
			isa = PBXProject;
			attributes = {
				BuildIndependentTargetsInParallel = 1;
				LastSwiftUpdateCheck = 1640;
				LastUpgradeCheck = 1640;
				TargetAttributes = {
					039DFC122E21EFA5002EAE48 = {
						CreatedOnToolsVersion = 16.4;
					};
					039DFC2B2E21EFA7002EAE48 = {
						CreatedOnToolsVersion = 16.4;
						TestTargetID = 039DFC122E21EFA5002EAE48;
					};
					039DFC352E21EFA7002EAE48 = {
						CreatedOnToolsVersion = 16.4;
						TestTargetID = 039DFC122E21EFA5002EAE48;
					};
				};
			};
			buildConfigurationList = 039DFC0E2E21EFA5002EAE48 /* Build configuration list for PBXProject "BayarLuu" */;
			developmentRegion = en;
			hasScannedForEncodings = 0;
			knownRegions = (
				en,
				Base,
			);
			mainGroup = 039DFC0A2E21EFA5002EAE48;
			minimizedProjectReferenceProxies = 1;
			preferredProjectObjectVersion = 77;
			productRefGroup = 039DFC142E21EFA5002EAE48 /* Products */;
			projectDirPath = "";
			projectRoot = "";
			targets = (
				039DFC122E21EFA5002EAE48 /* BayarLuu */,
				039DFC2B2E21EFA7002EAE48 /* BayarLuuTests */,
				039DFC352E21EFA7002EAE48 /* BayarLuuUITests */,
			);
		};
/* End PBXProject section */

/* Begin PBXResourcesBuildPhase section */
		039DFC112E21EFA5002EAE48 /* Resources */ = {
			isa = PBXResourcesBuildPhase;
			buildActionMask = 2147483647;
			files = (
			);
			runOnlyForDeploymentPostprocessing = 0;
		};
		039DFC2A2E21EFA7002EAE48 /* Resources */ = {
			isa = PBXResourcesBuildPhase;
			buildActionMask = 2147483647;
			files = (
			);
			runOnlyForDeploymentPostprocessing = 0;
		};
		039DFC342E21EFA7002EAE48 /* Resources */ = {
			isa = PBXResourcesBuildPhase;
			buildActionMask = 2147483647;
			files = (
			);
			runOnlyForDeploymentPostprocessing = 0;
		};
/* End PBXResourcesBuildPhase section */

/* Begin PBXSourcesBuildPhase section */
		039DFC0F2E21EFA5002EAE48 /* Sources */ = {
			isa = PBXSourcesBuildPhase;
			buildActionMask = 2147483647;
			files = (
			);
			runOnlyForDeploymentPostprocessing = 0;
		};
		039DFC282E21EFA7002EAE48 /* Sources */ = {
			isa = PBXSourcesBuildPhase;
			buildActionMask = 2147483647;
			files = (
			);
			runOnlyForDeploymentPostprocessing = 0;
		};
		039DFC322E21EFA7002EAE48 /* Sources */ = {
			isa = PBXSourcesBuildPhase;
			buildActionMask = 2147483647;
			files = (
			);
			runOnlyForDeploymentPostprocessing = 0;
		};
/* End PBXSourcesBuildPhase section */

/* Begin PBXTargetDependency section */
		039DFC2E2E21EFA7002EAE48 /* PBXTargetDependency */ = {
			isa = PBXTargetDependency;
			target = 039DFC122E21EFA5002EAE48 /* BayarLuu */;
			targetProxy = 039DFC2D2E21EFA7002EAE48 /* PBXContainerItemProxy */;
		};
		039DFC382E21EFA7002EAE48 /* PBXTargetDependency */ = {
			isa = PBXTargetDependency;
			target = 039DFC122E21EFA5002EAE48 /* BayarLuu */;
			targetProxy = 039DFC372E21EFA7002EAE48 /* PBXContainerItemProxy */;
		};
/* End PBXTargetDependency section */

/* Begin XCBuildConfiguration section */
		039DFC402E21EFA7002EAE48 /* Debug */ = {
			isa = XCBuildConfiguration;
			buildSettings = {
				ASSETCATALOG_COMPILER_APPICON_NAME = AppIcon;
				ASSETCATALOG_COMPILER_GLOBAL_ACCENT_COLOR_NAME = AccentColor;
				CODE_SIGN_STYLE = Automatic;
				CURRENT_PROJECT_VERSION = 1;
				DEVELOPMENT_TEAM = NEQE3T33DN;
				GENERATE_INFOPLIST_FILE = YES;
				INFOPLIST_FILE = BayarLuu/Info.plist;
				INFOPLIST_KEY_UIApplicationSupportsIndirectInputEvents = YES;
				INFOPLIST_KEY_UILaunchStoryboardName = LaunchScreen;
				INFOPLIST_KEY_UIMainStoryboardFile = Main;
				INFOPLIST_KEY_UISupportedInterfaceOrientations_iPad = "UIInterfaceOrientationPortrait UIInterfaceOrientationPortraitUpsideDown UIInterfaceOrientationLandscapeLeft UIInterfaceOrientationLandscapeRight";
				INFOPLIST_KEY_UISupportedInterfaceOrientations_iPhone = "UIInterfaceOrientationPortrait UIInterfaceOrientationLandscapeLeft UIInterfaceOrientationLandscapeRight";
				LD_RUNPATH_SEARCH_PATHS = (
					"$(inherited)",
					"@executable_path/Frameworks",
				);
				MARKETING_VERSION = 1.0;
				PRODUCT_BUNDLE_IDENTIFIER = com.zariff.BayarLuu;
				PRODUCT_NAME = "$(TARGET_NAME)";
				SWIFT_EMIT_LOC_STRINGS = YES;
				SWIFT_VERSION = 5.0;
				TARGETED_DEVICE_FAMILY = "1,2";
			};
			name = Debug;
		};
		039DFC412E21EFA7002EAE48 /* Release */ = {
			isa = XCBuildConfiguration;
			buildSettings = {
				ASSETCATALOG_COMPILER_APPICON_NAME = AppIcon;
				ASSETCATALOG_COMPILER_GLOBAL_ACCENT_COLOR_NAME = AccentColor;
				CODE_SIGN_STYLE = Automatic;
				CURRENT_PROJECT_VERSION = 1;
				DEVELOPMENT_TEAM = NEQE3T33DN;
				GENERATE_INFOPLIST_FILE = YES;
				INFOPLIST_FILE = BayarLuu/Info.plist;
				INFOPLIST_KEY_UIApplicationSupportsIndirectInputEvents = YES;
				INFOPLIST_KEY_UILaunchStoryboardName = LaunchScreen;
				INFOPLIST_KEY_UIMainStoryboardFile = Main;
				INFOPLIST_KEY_UISupportedInterfaceOrientations_iPad = "UIInterfaceOrientationPortrait UIInterfaceOrientationPortraitUpsideDown UIInterfaceOrientationLandscapeLeft UIInterfaceOrientationLandscapeRight";
				INFOPLIST_KEY_UISupportedInterfaceOrientations_iPhone = "UIInterfaceOrientationPortrait UIInterfaceOrientationLandscapeLeft UIInterfaceOrientationLandscapeRight";
				LD_RUNPATH_SEARCH_PATHS = (
					"$(inherited)",
					"@executable_path/Frameworks",
				);
				MARKETING_VERSION = 1.0;
				PRODUCT_BUNDLE_IDENTIFIER = com.zariff.BayarLuu;
				PRODUCT_NAME = "$(TARGET_NAME)";
				SWIFT_EMIT_LOC_STRINGS = YES;
				SWIFT_VERSION = 5.0;
				TARGETED_DEVICE_FAMILY = "1,2";
			};
			name = Release;
		};
		039DFC422E21EFA7002EAE48 /* Debug */ = {
			isa = XCBuildConfiguration;
			buildSettings = {
				ALWAYS_SEARCH_USER_PATHS = NO;
				ASSETCATALOG_COMPILER_GENERATE_SWIFT_ASSET_SYMBOL_EXTENSIONS = YES;
				CLANG_ANALYZER_NONNULL = YES;
				CLANG_ANALYZER_NUMBER_OBJECT_CONVERSION = YES_AGGRESSIVE;
				CLANG_CXX_LANGUAGE_STANDARD = "gnu++20";
				CLANG_ENABLE_MODULES = YES;
				CLANG_ENABLE_OBJC_ARC = YES;
				CLANG_ENABLE_OBJC_WEAK = YES;
				CLANG_WARN_BLOCK_CAPTURE_AUTORELEASING = YES;
				CLANG_WARN_BOOL_CONVERSION = YES;
				CLANG_WARN_COMMA = YES;
				CLANG_WARN_CONSTANT_CONVERSION = YES;
				CLANG_WARN_DEPRECATED_OBJC_IMPLEMENTATIONS = YES;
				CLANG_WARN_DIRECT_OBJC_ISA_USAGE = YES_ERROR;
				CLANG_WARN_DOCUMENTATION_COMMENTS = YES;
				CLANG_WARN_EMPTY_BODY = YES;
				CLANG_WARN_ENUM_CONVERSION = YES;
				CLANG_WARN_INFINITE_RECURSION = YES;
				CLANG_WARN_INT_CONVERSION = YES;
				CLANG_WARN_NON_LITERAL_NULL_CONVERSION = YES;
				CLANG_WARN_OBJC_IMPLICIT_RETAIN_SELF = YES;
				CLANG_WARN_OBJC_LITERAL_CONVERSION = YES;
				CLANG_WARN_OBJC_ROOT_CLASS = YES_ERROR;
				CLANG_WARN_QUOTED_INCLUDE_IN_FRAMEWORK_HEADER = YES;
				CLANG_WARN_RANGE_LOOP_ANALYSIS = YES;
				CLANG_WARN_STRICT_PROTOTYPES = YES;
				CLANG_WARN_SUSPICIOUS_MOVE = YES;
				CLANG_WARN_UNGUARDED_AVAILABILITY = YES_AGGRESSIVE;
				CLANG_WARN_UNREACHABLE_CODE = YES;
				CLANG_WARN__DUPLICATE_METHOD_MATCH = YES;
				COPY_PHASE_STRIP = NO;
				DEBUG_INFORMATION_FORMAT = dwarf;
				DEVELOPMENT_TEAM = NEQE3T33DN;
				ENABLE_STRICT_OBJC_MSGSEND = YES;
				ENABLE_TESTABILITY = YES;
				ENABLE_USER_SCRIPT_SANDBOXING = YES;
				GCC_C_LANGUAGE_STANDARD = gnu17;
				GCC_DYNAMIC_NO_PIC = NO;
				GCC_NO_COMMON_BLOCKS = YES;
				GCC_OPTIMIZATION_LEVEL = 0;
				GCC_PREPROCESSOR_DEFINITIONS = (
					"DEBUG=1",
					"$(inherited)",
				);
				GCC_WARN_64_TO_32_BIT_CONVERSION = YES;
				GCC_WARN_ABOUT_RETURN_TYPE = YES_ERROR;
				GCC_WARN_UNDECLARED_SELECTOR = YES;
				GCC_WARN_UNINITIALIZED_AUTOS = YES_AGGRESSIVE;
				GCC_WARN_UNUSED_FUNCTION = YES;
				GCC_WARN_UNUSED_VARIABLE = YES;
				IPHONEOS_DEPLOYMENT_TARGET = 18.5;
				LOCALIZATION_PREFERS_STRING_CATALOGS = YES;
				MTL_ENABLE_DEBUG_INFO = INCLUDE_SOURCE;
				MTL_FAST_MATH = YES;
				ONLY_ACTIVE_ARCH = YES;
				SDKROOT = iphoneos;
				SWIFT_ACTIVE_COMPILATION_CONDITIONS = "DEBUG $(inherited)";
				SWIFT_OPTIMIZATION_LEVEL = "-Onone";
			};
			name = Debug;
		};
		039DFC432E21EFA7002EAE48 /* Release */ = {
			isa = XCBuildConfiguration;
			buildSettings = {
				ALWAYS_SEARCH_USER_PATHS = NO;
				ASSETCATALOG_COMPILER_GENERATE_SWIFT_ASSET_SYMBOL_EXTENSIONS = YES;
				CLANG_ANALYZER_NONNULL = YES;
				CLANG_ANALYZER_NUMBER_OBJECT_CONVERSION = YES_AGGRESSIVE;
				CLANG_CXX_LANGUAGE_STANDARD = "gnu++20";
				CLANG_ENABLE_MODULES = YES;
				CLANG_ENABLE_OBJC_ARC = YES;
				CLANG_ENABLE_OBJC_WEAK = YES;
				CLANG_WARN_BLOCK_CAPTURE_AUTORELEASING = YES;
				CLANG_WARN_BOOL_CONVERSION = YES;
				CLANG_WARN_COMMA = YES;
				CLANG_WARN_CONSTANT_CONVERSION = YES;
				CLANG_WARN_DEPRECATED_OBJC_IMPLEMENTATIONS = YES;
				CLANG_WARN_DIRECT_OBJC_ISA_USAGE = YES_ERROR;
				CLANG_WARN_DOCUMENTATION_COMMENTS = YES;
				CLANG_WARN_EMPTY_BODY = YES;
				CLANG_WARN_ENUM_CONVERSION = YES;
				CLANG_WARN_INFINITE_RECURSION = YES;
				CLANG_WARN_INT_CONVERSION = YES;
				CLANG_WARN_NON_LITERAL_NULL_CONVERSION = YES;
				CLANG_WARN_OBJC_IMPLICIT_RETAIN_SELF = YES;
				CLANG_WARN_OBJC_LITERAL_CONVERSION = YES;
				CLANG_WARN_OBJC_ROOT_CLASS = YES_ERROR;
				CLANG_WARN_QUOTED_INCLUDE_IN_FRAMEWORK_HEADER = YES;
				CLANG_WARN_RANGE_LOOP_ANALYSIS = YES;
				CLANG_WARN_STRICT_PROTOTYPES = YES;
				CLANG_WARN_SUSPICIOUS_MOVE = YES;
				CLANG_WARN_UNGUARDED_AVAILABILITY = YES_AGGRESSIVE;
				CLANG_WARN_UNREACHABLE_CODE = YES;
				CLANG_WARN__DUPLICATE_METHOD_MATCH = YES;
				COPY_PHASE_STRIP = NO;
				DEBUG_INFORMATION_FORMAT = "dwarf-with-dsym";
				DEVELOPMENT_TEAM = NEQE3T33DN;
				ENABLE_NS_ASSERTIONS = NO;
				ENABLE_STRICT_OBJC_MSGSEND = YES;
				ENABLE_USER_SCRIPT_SANDBOXING = YES;
				GCC_C_LANGUAGE_STANDARD = gnu17;
				GCC_NO_COMMON_BLOCKS = YES;
				GCC_WARN_64_TO_32_BIT_CONVERSION = YES;
				GCC_WARN_ABOUT_RETURN_TYPE = YES_ERROR;
				GCC_WARN_UNDECLARED_SELECTOR = YES;
				GCC_WARN_UNINITIALIZED_AUTOS = YES_AGGRESSIVE;
				GCC_WARN_UNUSED_FUNCTION = YES;
				GCC_WARN_UNUSED_VARIABLE = YES;
				IPHONEOS_DEPLOYMENT_TARGET = 18.5;
				LOCALIZATION_PREFERS_STRING_CATALOGS = YES;
				MTL_ENABLE_DEBUG_INFO = NO;
				MTL_FAST_MATH = YES;
				SDKROOT = iphoneos;
				SWIFT_COMPILATION_MODE = wholemodule;
				VALIDATE_PRODUCT = YES;
			};
			name = Release;
		};
		039DFC452E21EFA7002EAE48 /* Debug */ = {
			isa = XCBuildConfiguration;
			buildSettings = {
				BUNDLE_LOADER = "$(TEST_HOST)";
				CODE_SIGN_STYLE = Automatic;
				CURRENT_PROJECT_VERSION = 1;
				DEVELOPMENT_TEAM = NEQE3T33DN;
				GENERATE_INFOPLIST_FILE = YES;
				IPHONEOS_DEPLOYMENT_TARGET = 18.5;
				MARKETING_VERSION = 1.0;
				PRODUCT_BUNDLE_IDENTIFIER = com.zariff.BayarLuuTests;
				PRODUCT_NAME = "$(TARGET_NAME)";
				SWIFT_EMIT_LOC_STRINGS = NO;
				SWIFT_VERSION = 5.0;
				TARGETED_DEVICE_FAMILY = "1,2";
				TEST_HOST = "$(BUILT_PRODUCTS_DIR)/BayarLuu.app/$(BUNDLE_EXECUTABLE_FOLDER_PATH)/BayarLuu";
			};
			name = Debug;
		};
		039DFC462E21EFA7002EAE48 /* Release */ = {
			isa = XCBuildConfiguration;
			buildSettings = {
				BUNDLE_LOADER = "$(TEST_HOST)";
				CODE_SIGN_STYLE = Automatic;
				CURRENT_PROJECT_VERSION = 1;
				DEVELOPMENT_TEAM = NEQE3T33DN;
				GENERATE_INFOPLIST_FILE = YES;
				IPHONEOS_DEPLOYMENT_TARGET = 18.5;
				MARKETING_VERSION = 1.0;
				PRODUCT_BUNDLE_IDENTIFIER = com.zariff.BayarLuuTests;
				PRODUCT_NAME = "$(TARGET_NAME)";
				SWIFT_EMIT_LOC_STRINGS = NO;
				SWIFT_VERSION = 5.0;
				TARGETED_DEVICE_FAMILY = "1,2";
				TEST_HOST = "$(BUILT_PRODUCTS_DIR)/BayarLuu.app/$(BUNDLE_EXECUTABLE_FOLDER_PATH)/BayarLuu";
			};
			name = Release;
		};
		039DFC482E21EFA7002EAE48 /* Debug */ = {
			isa = XCBuildConfiguration;
			buildSettings = {
				CODE_SIGN_STYLE = Automatic;
				CURRENT_PROJECT_VERSION = 1;
				DEVELOPMENT_TEAM = NEQE3T33DN;
				GENERATE_INFOPLIST_FILE = YES;
				MARKETING_VERSION = 1.0;
				PRODUCT_BUNDLE_IDENTIFIER = com.zariff.BayarLuuUITests;
				PRODUCT_NAME = "$(TARGET_NAME)";
				SWIFT_EMIT_LOC_STRINGS = NO;
				SWIFT_VERSION = 5.0;
				TARGETED_DEVICE_FAMILY = "1,2";
				TEST_TARGET_NAME = BayarLuu;
			};
			name = Debug;
		};
		039DFC492E21EFA7002EAE48 /* Release */ = {
			isa = XCBuildConfiguration;
			buildSettings = {
				CODE_SIGN_STYLE = Automatic;
				CURRENT_PROJECT_VERSION = 1;
				DEVELOPMENT_TEAM = NEQE3T33DN;
				GENERATE_INFOPLIST_FILE = YES;
				MARKETING_VERSION = 1.0;
				PRODUCT_BUNDLE_IDENTIFIER = com.zariff.BayarLuuUITests;
				PRODUCT_NAME = "$(TARGET_NAME)";
				SWIFT_EMIT_LOC_STRINGS = NO;
				SWIFT_VERSION = 5.0;
				TARGETED_DEVICE_FAMILY = "1,2";
				TEST_TARGET_NAME = BayarLuu;
			};
			name = Release;
		};
/* End XCBuildConfiguration section */

/* Begin XCConfigurationList section */
		039DFC0E2E21EFA5002EAE48 /* Build configuration list for PBXProject "BayarLuu" */ = {
			isa = XCConfigurationList;
			buildConfigurations = (
				039DFC422E21EFA7002EAE48 /* Debug */,
				039DFC432E21EFA7002EAE48 /* Release */,
			);
			defaultConfigurationIsVisible = 0;
			defaultConfigurationName = Release;
		};
		039DFC3F2E21EFA7002EAE48 /* Build configuration list for PBXNativeTarget "BayarLuu" */ = {
			isa = XCConfigurationList;
			buildConfigurations = (
				039DFC402E21EFA7002EAE48 /* Debug */,
				039DFC412E21EFA7002EAE48 /* Release */,
			);
			defaultConfigurationIsVisible = 0;
			defaultConfigurationName = Release;
		};
		039DFC442E21EFA7002EAE48 /* Build configuration list for PBXNativeTarget "BayarLuuTests" */ = {
			isa = XCConfigurationList;
			buildConfigurations = (
				039DFC452E21EFA7002EAE48 /* Debug */,
				039DFC462E21EFA7002EAE48 /* Release */,
			);
			defaultConfigurationIsVisible = 0;
			defaultConfigurationName = Release;
		};
		039DFC472E21EFA7002EAE48 /* Build configuration list for PBXNativeTarget "BayarLuuUITests" */ = {
			isa = XCConfigurationList;
			buildConfigurations = (
				039DFC482E21EFA7002EAE48 /* Debug */,
				039DFC492E21EFA7002EAE48 /* Release */,
			);
			defaultConfigurationIsVisible = 0;
			defaultConfigurationName = Release;
		};
/* End XCConfigurationList section */
	};
	rootObject = 039DFC0B2E21EFA5002EAE48 /* Project object */;
}
